
Microsoft Visual Studio Solution File, Format Version 12.00
# Visual Studio Version 16
VisualStudioVersion = 16.0.31112.23
MinimumVisualStudioVersion = 10.0.40219.1
Project("{FAE04EC0-301F-11D3-BF4B-00C04F79EFBC}") = "Carsales", "Carsales\Carsales.csproj", "{89B27338-5A90-4771-9E11-DD21F585012C}"
EndProject
Project("{FAE04EC0-301F-11D3-BF4B-00C04F79EFBC}") = "Cars", "Cars\Cars.csproj", "{89F1DD5B-C66B-4BEC-A7B4-A812309E9679}"
EndProject
Global
	GlobalSection(SolutionConfigurationPlatforms) = preSolution
		Debug|Any CPU = Debug|Any CPU
		Release|Any CPU = Release|Any CPU
	EndGlobalSection
	GlobalSection(ProjectConfigurationPlatforms) = postSolution
		{89B27338-5A90-4771-9E11-DD21F585012C}.Debug|Any CPU.ActiveCfg = Debug|Any CPU
		{89B27338-5A90-4771-9E11-DD21F585012C}.Debug|Any CPU.Build.0 = Debug|Any CPU
		{89B27338-5A90-4771-9E11-DD21F585012C}.Release|Any CPU.ActiveCfg = Release|Any CPU
		{89B27338-5A90-4771-9E11-DD21F585012C}.Release|Any CPU.Build.0 = Release|Any CPU
		{89F1DD5B-C66B-4BEC-A7B4-A812309E9679}.Debug|Any CPU.ActiveCfg = Debug|Any CPU
		{89F1DD5B-C66B-4BEC-A7B4-A812309E9679}.Debug|Any CPU.Build.0 = Debug|Any CPU
		{89F1DD5B-C66B-4BEC-A7B4-A812309E9679}.Release|Any CPU.ActiveCfg = Release|Any CPU
		{89F1DD5B-C66B-4BEC-A7B4-A812309E9679}.Release|Any CPU.Build.0 = Release|Any CPU
	EndGlobalSection
	GlobalSection(SolutionProperties) = preSolution
		HideSolutionNode = FALSE
	EndGlobalSection
	GlobalSection(ExtensibilityGlobals) = postSolution
		SolutionGuid = {B1A24F93-3DC7-4B3F-94A0-1D9C4640FFB9}
	EndGlobalSection
EndGlobal
